
Microsoft Visual Studio Solution File, Format Version 12.00
# Visual Studio 2013
VisualStudioVersion = 12.0.30723.0
MinimumVisualStudioVersion = 10.0.40219.1
Project("{2150E333-8FDC-42A3-9474-1A3956D46DE8}") = "PDFToImage", "PDFToImage", "{54CCA57D-25E4-45C5-B13B-AF90BBB14D18}"
EndProject
Project("{FAE04EC0-301F-11D3-BF4B-00C04F79EFBC}") = "PDFToImage", "PDFToImage\PDFToImage.csproj", "{8F2D91C4-57FF-4440-9A27-3FA2307E5649}"
EndProject
Global
	GlobalSection(SolutionConfigurationPlatforms) = preSolution
		Ad-Hoc|iPhone = Ad-Hoc|iPhone
		Ad-Hoc|iPhoneSimulator = Ad-Hoc|iPhoneSimulator
		AppStore|iPhone = AppStore|iPhone
		AppStore|iPhoneSimulator = AppStore|iPhoneSimulator
		Debug|iPhone = Debug|iPhone
		Debug|iPhoneSimulator = Debug|iPhoneSimulator
		Release|iPhone = Release|iPhone
		Release|iPhoneSimulator = Release|iPhoneSimulator
	EndGlobalSection
	GlobalSection(ProjectConfigurationPlatforms) = postSolution
		{8F2D91C4-57FF-4440-9A27-3FA2307E5649}.Ad-Hoc|iPhone.ActiveCfg = Ad-Hoc|iPhone
		{8F2D91C4-57FF-4440-9A27-3FA2307E5649}.Ad-Hoc|iPhone.Build.0 = Ad-Hoc|iPhone
		{8F2D91C4-57FF-4440-9A27-3FA2307E5649}.Ad-Hoc|iPhoneSimulator.ActiveCfg = Ad-Hoc|iPhoneSimulator
		{8F2D91C4-57FF-4440-9A27-3FA2307E5649}.Ad-Hoc|iPhoneSimulator.Build.0 = Ad-Hoc|iPhoneSimulator
		{8F2D91C4-57FF-4440-9A27-3FA2307E5649}.AppStore|iPhone.ActiveCfg = AppStore|iPhone
		{8F2D91C4-57FF-4440-9A27-3FA2307E5649}.AppStore|iPhone.Build.0 = AppStore|iPhone
		{8F2D91C4-57FF-4440-9A27-3FA2307E5649}.AppStore|iPhoneSimulator.ActiveCfg = AppStore|iPhoneSimulator
		{8F2D91C4-57FF-4440-9A27-3FA2307E5649}.AppStore|iPhoneSimulator.Build.0 = AppStore|iPhoneSimulator
		{8F2D91C4-57FF-4440-9A27-3FA2307E5649}.Debug|iPhone.ActiveCfg = Debug|iPhone
		{8F2D91C4-57FF-4440-9A27-3FA2307E5649}.Debug|iPhone.Build.0 = Debug|iPhone
		{8F2D91C4-57FF-4440-9A27-3FA2307E5649}.Debug|iPhoneSimulator.ActiveCfg = Debug|iPhoneSimulator
		{8F2D91C4-57FF-4440-9A27-3FA2307E5649}.Debug|iPhoneSimulator.Build.0 = Debug|iPhoneSimulator
		{8F2D91C4-57FF-4440-9A27-3FA2307E5649}.Release|iPhone.ActiveCfg = Release|iPhone
		{8F2D91C4-57FF-4440-9A27-3FA2307E5649}.Release|iPhone.Build.0 = Release|iPhone
		{8F2D91C4-57FF-4440-9A27-3FA2307E5649}.Release|iPhoneSimulator.ActiveCfg = Release|iPhoneSimulator
		{8F2D91C4-57FF-4440-9A27-3FA2307E5649}.Release|iPhoneSimulator.Build.0 = Release|iPhoneSimulator
	EndGlobalSection
	GlobalSection(SolutionProperties) = preSolution
		HideSolutionNode = FALSE
	EndGlobalSection
	GlobalSection(NestedProjects) = preSolution
		{8F2D91C4-57FF-4440-9A27-3FA2307E5649} = {54CCA57D-25E4-45C5-B13B-AF90BBB14D18}
	EndGlobalSection
	GlobalSection(MonoDevelopProperties) = preSolution
		StartupItem = PDFToImage\PDFToImage.csproj
	EndGlobalSection
EndGlobal
