
Microsoft Visual Studio Solution File, Format Version 12.00
# Visual Studio 2012
VisualStudioVersion = 12.0.31101.0
MinimumVisualStudioVersion = 10.0.40219.1
Project("{FAE04EC0-301F-11D3-BF4B-00C04F79EFBC}") = "ION.Droid", "Droid\ION.Droid.csproj", "{71313512-D5C3-4E37-BCFB-88A36B5C080B}"
EndProject
Project("{FAE04EC0-301F-11D3-BF4B-00C04F79EFBC}") = "ION.UITests", "UITests\ION.UITests.csproj", "{B2D0DD9F-3A70-4607-B040-B6DF8DFDA2EB}"
EndProject
Project("{FAE04EC0-301F-11D3-BF4B-00C04F79EFBC}") = "ION.Tests", "ION.Tests\ION.Tests.csproj", "{1A6B7B25-7631-44A4-B1EF-2084D7D4C08A}"
EndProject
Project("{FAE04EC0-301F-11D3-BF4B-00C04F79EFBC}") = "ION.Core", "ION.Core\ION.Core.csproj", "{CA7A472F-B250-4A2E-9F7E-B2AAA4F6EF01}"
EndProject
Project("{FAE04EC0-301F-11D3-BF4B-00C04F79EFBC}") = "ION.IOS", "ION.IOS\ION.IOS.csproj", "{BA1758E1-2E02-40C0-BE41-5AFB1F0271C5}"
EndProject
Project("{D954291E-2A0B-460D-934E-DC6B0785DB48}") = "ION.CoreExtensions", "ION.CoreExtensions\ION.CoreExtensions.shproj", "{CCD6F504-0E93-45CB-8803-52050A76A58D}"
EndProject
Global
	GlobalSection(SolutionConfigurationPlatforms) = preSolution
		Debug|Any CPU = Debug|Any CPU
		Debug|iPhone = Debug|iPhone
		Debug|iPhoneSimulator = Debug|iPhoneSimulator
		Release|Any CPU = Release|Any CPU
		Release|iPhone = Release|iPhone
		Release|iPhoneSimulator = Release|iPhoneSimulator
	EndGlobalSection
	GlobalSection(ProjectConfigurationPlatforms) = postSolution
		{1A6B7B25-7631-44A4-B1EF-2084D7D4C08A}.Debug|Any CPU.ActiveCfg = Debug|Any CPU
		{1A6B7B25-7631-44A4-B1EF-2084D7D4C08A}.Debug|Any CPU.Build.0 = Debug|Any CPU
		{1A6B7B25-7631-44A4-B1EF-2084D7D4C08A}.Debug|iPhone.ActiveCfg = Debug|Any CPU
		{1A6B7B25-7631-44A4-B1EF-2084D7D4C08A}.Debug|iPhone.Build.0 = Debug|Any CPU
		{1A6B7B25-7631-44A4-B1EF-2084D7D4C08A}.Debug|iPhoneSimulator.ActiveCfg = Debug|Any CPU
		{1A6B7B25-7631-44A4-B1EF-2084D7D4C08A}.Debug|iPhoneSimulator.Build.0 = Debug|Any CPU
		{1A6B7B25-7631-44A4-B1EF-2084D7D4C08A}.Release|Any CPU.ActiveCfg = Release|Any CPU
		{1A6B7B25-7631-44A4-B1EF-2084D7D4C08A}.Release|Any CPU.Build.0 = Release|Any CPU
		{1A6B7B25-7631-44A4-B1EF-2084D7D4C08A}.Release|iPhone.ActiveCfg = Release|Any CPU
		{1A6B7B25-7631-44A4-B1EF-2084D7D4C08A}.Release|iPhone.Build.0 = Release|Any CPU
		{1A6B7B25-7631-44A4-B1EF-2084D7D4C08A}.Release|iPhoneSimulator.ActiveCfg = Release|Any CPU
		{1A6B7B25-7631-44A4-B1EF-2084D7D4C08A}.Release|iPhoneSimulator.Build.0 = Release|Any CPU
		{71313512-D5C3-4E37-BCFB-88A36B5C080B}.Debug|Any CPU.ActiveCfg = Debug|Any CPU
		{71313512-D5C3-4E37-BCFB-88A36B5C080B}.Debug|Any CPU.Build.0 = Debug|Any CPU
		{71313512-D5C3-4E37-BCFB-88A36B5C080B}.Debug|iPhone.ActiveCfg = Debug|Any CPU
		{71313512-D5C3-4E37-BCFB-88A36B5C080B}.Debug|iPhone.Build.0 = Debug|Any CPU
		{71313512-D5C3-4E37-BCFB-88A36B5C080B}.Debug|iPhoneSimulator.ActiveCfg = Debug|Any CPU
		{71313512-D5C3-4E37-BCFB-88A36B5C080B}.Debug|iPhoneSimulator.Build.0 = Debug|Any CPU
		{71313512-D5C3-4E37-BCFB-88A36B5C080B}.Debug|iPhoneSimulator.Deploy.0 = Debug|Any CPU
		{71313512-D5C3-4E37-BCFB-88A36B5C080B}.Release|Any CPU.ActiveCfg = Release|Any CPU
		{71313512-D5C3-4E37-BCFB-88A36B5C080B}.Release|Any CPU.Build.0 = Release|Any CPU
		{71313512-D5C3-4E37-BCFB-88A36B5C080B}.Release|iPhone.ActiveCfg = Release|Any CPU
		{71313512-D5C3-4E37-BCFB-88A36B5C080B}.Release|iPhone.Build.0 = Release|Any CPU
		{71313512-D5C3-4E37-BCFB-88A36B5C080B}.Release|iPhoneSimulator.ActiveCfg = Release|Any CPU
		{71313512-D5C3-4E37-BCFB-88A36B5C080B}.Release|iPhoneSimulator.Build.0 = Release|Any CPU
		{B2D0DD9F-3A70-4607-B040-B6DF8DFDA2EB}.Debug|Any CPU.ActiveCfg = Debug|Any CPU
		{B2D0DD9F-3A70-4607-B040-B6DF8DFDA2EB}.Debug|Any CPU.Build.0 = Debug|Any CPU
		{B2D0DD9F-3A70-4607-B040-B6DF8DFDA2EB}.Debug|iPhone.ActiveCfg = Debug|Any CPU
		{B2D0DD9F-3A70-4607-B040-B6DF8DFDA2EB}.Debug|iPhone.Build.0 = Debug|Any CPU
		{B2D0DD9F-3A70-4607-B040-B6DF8DFDA2EB}.Debug|iPhoneSimulator.ActiveCfg = Debug|Any CPU
		{B2D0DD9F-3A70-4607-B040-B6DF8DFDA2EB}.Debug|iPhoneSimulator.Build.0 = Debug|Any CPU
		{B2D0DD9F-3A70-4607-B040-B6DF8DFDA2EB}.Release|Any CPU.ActiveCfg = Release|Any CPU
		{B2D0DD9F-3A70-4607-B040-B6DF8DFDA2EB}.Release|Any CPU.Build.0 = Release|Any CPU
		{B2D0DD9F-3A70-4607-B040-B6DF8DFDA2EB}.Release|iPhone.ActiveCfg = Release|Any CPU
		{B2D0DD9F-3A70-4607-B040-B6DF8DFDA2EB}.Release|iPhone.Build.0 = Release|Any CPU
		{B2D0DD9F-3A70-4607-B040-B6DF8DFDA2EB}.Release|iPhoneSimulator.ActiveCfg = Release|Any CPU
		{B2D0DD9F-3A70-4607-B040-B6DF8DFDA2EB}.Release|iPhoneSimulator.Build.0 = Release|Any CPU
		{BA1758E1-2E02-40C0-BE41-5AFB1F0271C5}.Debug|Any CPU.ActiveCfg = Debug|iPhoneSimulator
		{BA1758E1-2E02-40C0-BE41-5AFB1F0271C5}.Debug|Any CPU.Build.0 = Debug|iPhoneSimulator
		{BA1758E1-2E02-40C0-BE41-5AFB1F0271C5}.Debug|iPhone.ActiveCfg = Debug|iPhone
		{BA1758E1-2E02-40C0-BE41-5AFB1F0271C5}.Debug|iPhone.Build.0 = Debug|iPhone
		{BA1758E1-2E02-40C0-BE41-5AFB1F0271C5}.Debug|iPhoneSimulator.ActiveCfg = Debug|iPhoneSimulator
		{BA1758E1-2E02-40C0-BE41-5AFB1F0271C5}.Debug|iPhoneSimulator.Build.0 = Debug|iPhoneSimulator
		{BA1758E1-2E02-40C0-BE41-5AFB1F0271C5}.Release|Any CPU.ActiveCfg = Release|iPhone
		{BA1758E1-2E02-40C0-BE41-5AFB1F0271C5}.Release|Any CPU.Build.0 = Release|iPhone
		{BA1758E1-2E02-40C0-BE41-5AFB1F0271C5}.Release|iPhone.ActiveCfg = Release|iPhone
		{BA1758E1-2E02-40C0-BE41-5AFB1F0271C5}.Release|iPhone.Build.0 = Release|iPhone
		{BA1758E1-2E02-40C0-BE41-5AFB1F0271C5}.Release|iPhoneSimulator.ActiveCfg = Release|iPhoneSimulator
		{BA1758E1-2E02-40C0-BE41-5AFB1F0271C5}.Release|iPhoneSimulator.Build.0 = Release|iPhoneSimulator
		{CA7A472F-B250-4A2E-9F7E-B2AAA4F6EF01}.Debug|Any CPU.ActiveCfg = Debug|Any CPU
		{CA7A472F-B250-4A2E-9F7E-B2AAA4F6EF01}.Debug|Any CPU.Build.0 = Debug|Any CPU
		{CA7A472F-B250-4A2E-9F7E-B2AAA4F6EF01}.Debug|iPhone.ActiveCfg = Debug|Any CPU
		{CA7A472F-B250-4A2E-9F7E-B2AAA4F6EF01}.Debug|iPhone.Build.0 = Debug|Any CPU
		{CA7A472F-B250-4A2E-9F7E-B2AAA4F6EF01}.Debug|iPhoneSimulator.ActiveCfg = Debug|Any CPU
		{CA7A472F-B250-4A2E-9F7E-B2AAA4F6EF01}.Debug|iPhoneSimulator.Build.0 = Debug|Any CPU
		{CA7A472F-B250-4A2E-9F7E-B2AAA4F6EF01}.Release|Any CPU.ActiveCfg = Release|Any CPU
		{CA7A472F-B250-4A2E-9F7E-B2AAA4F6EF01}.Release|Any CPU.Build.0 = Release|Any CPU
		{CA7A472F-B250-4A2E-9F7E-B2AAA4F6EF01}.Release|iPhone.ActiveCfg = Release|Any CPU
		{CA7A472F-B250-4A2E-9F7E-B2AAA4F6EF01}.Release|iPhone.Build.0 = Release|Any CPU
		{CA7A472F-B250-4A2E-9F7E-B2AAA4F6EF01}.Release|iPhoneSimulator.ActiveCfg = Release|Any CPU
		{CA7A472F-B250-4A2E-9F7E-B2AAA4F6EF01}.Release|iPhoneSimulator.Build.0 = Release|Any CPU
	EndGlobalSection
	GlobalSection(MonoDevelopProperties) = preSolution
		Policies = $0
		$0.TextStylePolicy = $1
		$1.FileWidth = 120
		$1.TabsToSpaces = False
		$1.inheritsSet = VisualStudio
		$1.inheritsScope = text/plain
		$0.TextStylePolicy = $2
		$2.inheritsSet = null
		$2.scope = text/x-csharp
		$0.CSharpFormattingPolicy = $3
		$3.IndentSwitchBody = True
		$3.NamespaceBraceStyle = EndOfLine
		$3.ClassBraceStyle = EndOfLine
		$3.InterfaceBraceStyle = EndOfLine
		$3.StructBraceStyle = EndOfLine
		$3.EnumBraceStyle = EndOfLine
		$3.MethodBraceStyle = EndOfLine
		$3.ConstructorBraceStyle = EndOfLine
		$3.DestructorBraceStyle = EndOfLine
		$3.EmbeddedStatementPlacement = DoNotCare
		$3.BeforeMethodDeclarationParentheses = False
		$3.BeforeMethodCallParentheses = False
		$3.BeforeConstructorDeclarationParentheses = False
		$3.NewLineBeforeConstructorInitializerColon = SameLine
		$3.NewLineAfterConstructorInitializerColon = SameLine
		$3.BeforeIndexerDeclarationBracket = False
		$3.BeforeDelegateDeclarationParentheses = False
		$3.AfterDelegateDeclarationParameterComma = True
		$3.NewParentheses = False
		$3.SpacesBeforeBrackets = False
		$3.inheritsSet = Mono
		$3.inheritsScope = text/x-csharp
		$3.scope = text/x-csharp
		$0.TextStylePolicy = $4
		$4.TabWidth = 2
		$4.IndentWidth = 2
		$4.EolMarker = Unix
		$4.inheritsSet = VisualStudio
		$4.inheritsScope = text/plain
		$4.scope = text/plain
		$0.DotNetNamingPolicy = $5
		$5.DirectoryNamespaceAssociation = None
		$5.ResourceNamePolicy = FileFormatDefault
	EndGlobalSection
	GlobalSection(SharedMSBuildProjectFiles) = preSolution
		ION.CoreExtensions\ION.CoreExtensions.projitems*{ba1758e1-2e02-40c0-be41-5afb1f0271c5}*SharedItemsImports = 4
		ION.CoreExtensions\ION.CoreExtensions.projitems*{71313512-d5c3-4e37-bcfb-88a36b5c080b}*SharedItemsImports = 4
	EndGlobalSection
	GlobalSection(SolutionProperties) = preSolution
		HideSolutionNode = FALSE
	EndGlobalSection
EndGlobal
