
Microsoft Visual Studio Solution File, Format Version 12.00
# Visual Studio 14
VisualStudioVersion = 14.0.25123.0
MinimumVisualStudioVersion = 10.0.40219.1
Project("{FAE04EC0-301F-11D3-BF4B-00C04F79EFBC}") = "ION.Droid", "ION.Droid\ION.Droid.csproj", "{71313512-D5C3-4E37-BCFB-88A36B5C080B}"
EndProject
Project("{FAE04EC0-301F-11D3-BF4B-00C04F79EFBC}") = "ION.Core", "ION.Core\ION.Core.csproj", "{CA7A472F-B250-4A2E-9F7E-B2AAA4F6EF01}"
EndProject
Project("{FAE04EC0-301F-11D3-BF4B-00C04F79EFBC}") = "ION.IOS", "ION.IOS\ION.IOS.csproj", "{BA1758E1-2E02-40C0-BE41-5AFB1F0271C5}"
EndProject
Project("{D954291E-2A0B-460D-934E-DC6B0785DB48}") = "ION.CoreExtensions", "ION.CoreExtensions\ION.CoreExtensions.shproj", "{CCD6F504-0E93-45CB-8803-52050A76A58D}"
EndProject
Project("{FAE04EC0-301F-11D3-BF4B-00C04F79EFBC}") = "Appion.Commons", "Appion.Commons\Appion.Commons.csproj", "{4C9DFAAA-2322-4B5A-8DE1-AAC22E8DF716}"
EndProject
Project("{2150E333-8FDC-42A3-9474-1A3956D46DE8}") = "Solution Items", "Solution Items", "{ED26B1F3-64C0-4DA7-A464-5818FFF62A52}"
	ProjectSection(SolutionItems) = preProject
		TODOS = TODOS
	EndProjectSection
EndProject
Project("{9344BDBB-3E7F-41FC-A0DD-8665D75EE146}") = "ION.UITests", "UITests\ION.UITests.csproj", "{4331D366-0112-4661-B4E1-6995C5D6F53B}"
EndProject
Project("{9344BDBB-3E7F-41FC-A0DD-8665D75EE146}") = "ION.Tests", "ION.Tests\ION.Tests.csproj", "{85D31F33-3E9D-4EBF-AFD4-6E8825206AFF}"
EndProject
Project("{9344BDBB-3E7F-41FC-A0DD-8665D75EE146}") = "ION.DevAssist", "ION.DevAssist\ION.DevAssist.csproj", "{098A37ED-017A-4554-9BD3-39246D19A6A6}"
EndProject
Project("{9344BDBB-3E7F-41FC-A0DD-8665D75EE146}") = "TestBench.Droid", "TestBench.Droid\TestBench.Droid.csproj", "{35D94CBE-6D13-4BEF-BF1C-9ED4E9C477DF}"
EndProject
Global
	GlobalSection(SharedMSBuildProjectFiles) = preSolution
		ION.CoreExtensions\ION.CoreExtensions.projitems*{ccd6f504-0e93-45cb-8803-52050a76a58d}*SharedItemsImports = 13
		ION.CoreExtensions\ION.CoreExtensions.projitems*{ba1758e1-2e02-40c0-be41-5afb1f0271c5}*SharedItemsImports = 4
		ION.CoreExtensions\ION.CoreExtensions.projitems*{71313512-d5c3-4e37-bcfb-88a36b5c080b}*SharedItemsImports = 4
	EndGlobalSection
	GlobalSection(SolutionConfigurationPlatforms) = preSolution
		Debug|Any CPU = Debug|Any CPU
		Debug|iPhone = Debug|iPhone
		Debug|iPhoneSimulator = Debug|iPhoneSimulator
		Release|Any CPU = Release|Any CPU
		Release|iPhone = Release|iPhone
		Release|iPhoneSimulator = Release|iPhoneSimulator
		ReleaseTrial|Any CPU = ReleaseTrial|Any CPU
	EndGlobalSection
	GlobalSection(ProjectConfigurationPlatforms) = postSolution
		{71313512-D5C3-4E37-BCFB-88A36B5C080B}.Debug|Any CPU.ActiveCfg = Debug|Any CPU
		{71313512-D5C3-4E37-BCFB-88A36B5C080B}.Debug|iPhone.ActiveCfg = Debug|Any CPU
		{71313512-D5C3-4E37-BCFB-88A36B5C080B}.Debug|iPhone.Build.0 = Debug|Any CPU
		{71313512-D5C3-4E37-BCFB-88A36B5C080B}.Debug|iPhoneSimulator.ActiveCfg = Debug|Any CPU
		{71313512-D5C3-4E37-BCFB-88A36B5C080B}.Debug|iPhoneSimulator.Build.0 = Debug|Any CPU
		{71313512-D5C3-4E37-BCFB-88A36B5C080B}.Debug|iPhoneSimulator.Deploy.0 = Debug|Any CPU
		{71313512-D5C3-4E37-BCFB-88A36B5C080B}.Release|Any CPU.ActiveCfg = Release|Any CPU
		{71313512-D5C3-4E37-BCFB-88A36B5C080B}.Release|iPhone.ActiveCfg = Release|Any CPU
		{71313512-D5C3-4E37-BCFB-88A36B5C080B}.Release|iPhone.Build.0 = Release|Any CPU
		{71313512-D5C3-4E37-BCFB-88A36B5C080B}.Release|iPhoneSimulator.ActiveCfg = Release|Any CPU
		{71313512-D5C3-4E37-BCFB-88A36B5C080B}.Release|iPhoneSimulator.Build.0 = Release|Any CPU
		{71313512-D5C3-4E37-BCFB-88A36B5C080B}.ReleaseTrial|Any CPU.ActiveCfg = Debug|Any CPU
		{71313512-D5C3-4E37-BCFB-88A36B5C080B}.ReleaseTrial|Any CPU.Build.0 = Debug|Any CPU
		{CA7A472F-B250-4A2E-9F7E-B2AAA4F6EF01}.Debug|Any CPU.ActiveCfg = Debug|Any CPU
		{CA7A472F-B250-4A2E-9F7E-B2AAA4F6EF01}.Debug|Any CPU.Build.0 = Debug|Any CPU
		{CA7A472F-B250-4A2E-9F7E-B2AAA4F6EF01}.Debug|iPhone.ActiveCfg = Debug|Any CPU
		{CA7A472F-B250-4A2E-9F7E-B2AAA4F6EF01}.Debug|iPhone.Build.0 = Debug|Any CPU
		{CA7A472F-B250-4A2E-9F7E-B2AAA4F6EF01}.Debug|iPhoneSimulator.ActiveCfg = Debug|Any CPU
		{CA7A472F-B250-4A2E-9F7E-B2AAA4F6EF01}.Debug|iPhoneSimulator.Build.0 = Debug|Any CPU
		{CA7A472F-B250-4A2E-9F7E-B2AAA4F6EF01}.Release|Any CPU.ActiveCfg = Release|Any CPU
		{CA7A472F-B250-4A2E-9F7E-B2AAA4F6EF01}.Release|Any CPU.Build.0 = Release|Any CPU
		{CA7A472F-B250-4A2E-9F7E-B2AAA4F6EF01}.Release|iPhone.ActiveCfg = Release|Any CPU
		{CA7A472F-B250-4A2E-9F7E-B2AAA4F6EF01}.Release|iPhone.Build.0 = Release|Any CPU
		{CA7A472F-B250-4A2E-9F7E-B2AAA4F6EF01}.Release|iPhoneSimulator.ActiveCfg = Release|Any CPU
		{CA7A472F-B250-4A2E-9F7E-B2AAA4F6EF01}.Release|iPhoneSimulator.Build.0 = Release|Any CPU
		{CA7A472F-B250-4A2E-9F7E-B2AAA4F6EF01}.ReleaseTrial|Any CPU.ActiveCfg = Debug|Any CPU
		{CA7A472F-B250-4A2E-9F7E-B2AAA4F6EF01}.ReleaseTrial|Any CPU.Build.0 = Debug|Any CPU
		{BA1758E1-2E02-40C0-BE41-5AFB1F0271C5}.Debug|Any CPU.ActiveCfg = Debug|iPhoneSimulator
		{BA1758E1-2E02-40C0-BE41-5AFB1F0271C5}.Debug|Any CPU.Build.0 = Debug|iPhoneSimulator
		{BA1758E1-2E02-40C0-BE41-5AFB1F0271C5}.Debug|iPhone.ActiveCfg = Debug|iPhone
		{BA1758E1-2E02-40C0-BE41-5AFB1F0271C5}.Debug|iPhone.Build.0 = Debug|iPhone
		{BA1758E1-2E02-40C0-BE41-5AFB1F0271C5}.Debug|iPhoneSimulator.ActiveCfg = Debug|iPhoneSimulator
		{BA1758E1-2E02-40C0-BE41-5AFB1F0271C5}.Debug|iPhoneSimulator.Build.0 = Debug|iPhoneSimulator
		{BA1758E1-2E02-40C0-BE41-5AFB1F0271C5}.Release|Any CPU.ActiveCfg = Release|iPhone
		{BA1758E1-2E02-40C0-BE41-5AFB1F0271C5}.Release|Any CPU.Build.0 = Release|iPhone
		{BA1758E1-2E02-40C0-BE41-5AFB1F0271C5}.Release|iPhone.ActiveCfg = Release|iPhone
		{BA1758E1-2E02-40C0-BE41-5AFB1F0271C5}.Release|iPhone.Build.0 = Release|iPhone
		{BA1758E1-2E02-40C0-BE41-5AFB1F0271C5}.Release|iPhoneSimulator.ActiveCfg = Release|iPhoneSimulator
		{BA1758E1-2E02-40C0-BE41-5AFB1F0271C5}.Release|iPhoneSimulator.Build.0 = Release|iPhoneSimulator
		{BA1758E1-2E02-40C0-BE41-5AFB1F0271C5}.ReleaseTrial|Any CPU.ActiveCfg = Debug|iPhoneSimulator
		{BA1758E1-2E02-40C0-BE41-5AFB1F0271C5}.ReleaseTrial|Any CPU.Build.0 = Debug|iPhoneSimulator
		{4C9DFAAA-2322-4B5A-8DE1-AAC22E8DF716}.Debug|Any CPU.ActiveCfg = Debug|Any CPU
		{4C9DFAAA-2322-4B5A-8DE1-AAC22E8DF716}.Debug|Any CPU.Build.0 = Debug|Any CPU
		{4C9DFAAA-2322-4B5A-8DE1-AAC22E8DF716}.Debug|iPhone.ActiveCfg = Debug|Any CPU
		{4C9DFAAA-2322-4B5A-8DE1-AAC22E8DF716}.Debug|iPhone.Build.0 = Debug|Any CPU
		{4C9DFAAA-2322-4B5A-8DE1-AAC22E8DF716}.Debug|iPhoneSimulator.ActiveCfg = Debug|Any CPU
		{4C9DFAAA-2322-4B5A-8DE1-AAC22E8DF716}.Debug|iPhoneSimulator.Build.0 = Debug|Any CPU
		{4C9DFAAA-2322-4B5A-8DE1-AAC22E8DF716}.Release|Any CPU.ActiveCfg = Release|Any CPU
		{4C9DFAAA-2322-4B5A-8DE1-AAC22E8DF716}.Release|Any CPU.Build.0 = Release|Any CPU
		{4C9DFAAA-2322-4B5A-8DE1-AAC22E8DF716}.Release|iPhone.ActiveCfg = Release|Any CPU
		{4C9DFAAA-2322-4B5A-8DE1-AAC22E8DF716}.Release|iPhone.Build.0 = Release|Any CPU
		{4C9DFAAA-2322-4B5A-8DE1-AAC22E8DF716}.Release|iPhoneSimulator.ActiveCfg = Release|Any CPU
		{4C9DFAAA-2322-4B5A-8DE1-AAC22E8DF716}.Release|iPhoneSimulator.Build.0 = Release|Any CPU
		{4C9DFAAA-2322-4B5A-8DE1-AAC22E8DF716}.ReleaseTrial|Any CPU.ActiveCfg = Debug|Any CPU
		{4C9DFAAA-2322-4B5A-8DE1-AAC22E8DF716}.ReleaseTrial|Any CPU.Build.0 = Debug|Any CPU
		{4331D366-0112-4661-B4E1-6995C5D6F53B}.Debug|Any CPU.ActiveCfg = Debug|Any CPU
		{4331D366-0112-4661-B4E1-6995C5D6F53B}.Debug|Any CPU.Build.0 = Debug|Any CPU
		{4331D366-0112-4661-B4E1-6995C5D6F53B}.Debug|iPhone.ActiveCfg = Debug|Any CPU
		{4331D366-0112-4661-B4E1-6995C5D6F53B}.Debug|iPhone.Build.0 = Debug|Any CPU
		{4331D366-0112-4661-B4E1-6995C5D6F53B}.Debug|iPhoneSimulator.ActiveCfg = Debug|Any CPU
		{4331D366-0112-4661-B4E1-6995C5D6F53B}.Debug|iPhoneSimulator.Build.0 = Debug|Any CPU
		{4331D366-0112-4661-B4E1-6995C5D6F53B}.Release|Any CPU.ActiveCfg = Release|Any CPU
		{4331D366-0112-4661-B4E1-6995C5D6F53B}.Release|Any CPU.Build.0 = Release|Any CPU
		{4331D366-0112-4661-B4E1-6995C5D6F53B}.Release|iPhone.ActiveCfg = Release|Any CPU
		{4331D366-0112-4661-B4E1-6995C5D6F53B}.Release|iPhone.Build.0 = Release|Any CPU
		{4331D366-0112-4661-B4E1-6995C5D6F53B}.Release|iPhoneSimulator.ActiveCfg = Release|Any CPU
		{4331D366-0112-4661-B4E1-6995C5D6F53B}.Release|iPhoneSimulator.Build.0 = Release|Any CPU
		{4331D366-0112-4661-B4E1-6995C5D6F53B}.ReleaseTrial|Any CPU.ActiveCfg = Debug|Any CPU
		{4331D366-0112-4661-B4E1-6995C5D6F53B}.ReleaseTrial|Any CPU.Build.0 = Debug|Any CPU
		{85D31F33-3E9D-4EBF-AFD4-6E8825206AFF}.Debug|Any CPU.ActiveCfg = Debug|Any CPU
		{85D31F33-3E9D-4EBF-AFD4-6E8825206AFF}.Debug|Any CPU.Build.0 = Debug|Any CPU
		{85D31F33-3E9D-4EBF-AFD4-6E8825206AFF}.Debug|iPhone.ActiveCfg = Debug|Any CPU
		{85D31F33-3E9D-4EBF-AFD4-6E8825206AFF}.Debug|iPhone.Build.0 = Debug|Any CPU
		{85D31F33-3E9D-4EBF-AFD4-6E8825206AFF}.Debug|iPhoneSimulator.ActiveCfg = Debug|Any CPU
		{85D31F33-3E9D-4EBF-AFD4-6E8825206AFF}.Debug|iPhoneSimulator.Build.0 = Debug|Any CPU
		{85D31F33-3E9D-4EBF-AFD4-6E8825206AFF}.Release|Any CPU.ActiveCfg = Release|Any CPU
		{85D31F33-3E9D-4EBF-AFD4-6E8825206AFF}.Release|Any CPU.Build.0 = Release|Any CPU
		{85D31F33-3E9D-4EBF-AFD4-6E8825206AFF}.Release|iPhone.ActiveCfg = Release|Any CPU
		{85D31F33-3E9D-4EBF-AFD4-6E8825206AFF}.Release|iPhone.Build.0 = Release|Any CPU
		{85D31F33-3E9D-4EBF-AFD4-6E8825206AFF}.Release|iPhoneSimulator.ActiveCfg = Release|Any CPU
		{85D31F33-3E9D-4EBF-AFD4-6E8825206AFF}.Release|iPhoneSimulator.Build.0 = Release|Any CPU
		{85D31F33-3E9D-4EBF-AFD4-6E8825206AFF}.ReleaseTrial|Any CPU.ActiveCfg = Debug|Any CPU
		{85D31F33-3E9D-4EBF-AFD4-6E8825206AFF}.ReleaseTrial|Any CPU.Build.0 = Debug|Any CPU
		{098A37ED-017A-4554-9BD3-39246D19A6A6}.Debug|Any CPU.ActiveCfg = Debug|iPhone
		{098A37ED-017A-4554-9BD3-39246D19A6A6}.Debug|Any CPU.Build.0 = Debug|iPhone
		{098A37ED-017A-4554-9BD3-39246D19A6A6}.Debug|iPhone.ActiveCfg = Debug|iPhone
		{098A37ED-017A-4554-9BD3-39246D19A6A6}.Debug|iPhone.Build.0 = Debug|iPhone
		{098A37ED-017A-4554-9BD3-39246D19A6A6}.Debug|iPhoneSimulator.ActiveCfg = Debug|iPhone
		{098A37ED-017A-4554-9BD3-39246D19A6A6}.Debug|iPhoneSimulator.Build.0 = Debug|iPhone
		{098A37ED-017A-4554-9BD3-39246D19A6A6}.Release|Any CPU.ActiveCfg = Release|iPhone
		{098A37ED-017A-4554-9BD3-39246D19A6A6}.Release|Any CPU.Build.0 = Release|iPhone
		{098A37ED-017A-4554-9BD3-39246D19A6A6}.Release|iPhone.ActiveCfg = Release|iPhone
		{098A37ED-017A-4554-9BD3-39246D19A6A6}.Release|iPhone.Build.0 = Release|iPhone
		{098A37ED-017A-4554-9BD3-39246D19A6A6}.Release|iPhoneSimulator.ActiveCfg = Release|iPhone
		{098A37ED-017A-4554-9BD3-39246D19A6A6}.Release|iPhoneSimulator.Build.0 = Release|iPhone
		{098A37ED-017A-4554-9BD3-39246D19A6A6}.ReleaseTrial|Any CPU.ActiveCfg = Debug|iPhone
		{098A37ED-017A-4554-9BD3-39246D19A6A6}.ReleaseTrial|Any CPU.Build.0 = Debug|iPhone
		{35D94CBE-6D13-4BEF-BF1C-9ED4E9C477DF}.Debug|Any CPU.ActiveCfg = Debug|Any CPU
		{35D94CBE-6D13-4BEF-BF1C-9ED4E9C477DF}.Debug|Any CPU.Build.0 = Debug|Any CPU
		{35D94CBE-6D13-4BEF-BF1C-9ED4E9C477DF}.Debug|iPhone.ActiveCfg = Debug|Any CPU
		{35D94CBE-6D13-4BEF-BF1C-9ED4E9C477DF}.Debug|iPhone.Build.0 = Debug|Any CPU
		{35D94CBE-6D13-4BEF-BF1C-9ED4E9C477DF}.Debug|iPhoneSimulator.ActiveCfg = Debug|Any CPU
		{35D94CBE-6D13-4BEF-BF1C-9ED4E9C477DF}.Debug|iPhoneSimulator.Build.0 = Debug|Any CPU
		{35D94CBE-6D13-4BEF-BF1C-9ED4E9C477DF}.Release|Any CPU.ActiveCfg = Release|Any CPU
		{35D94CBE-6D13-4BEF-BF1C-9ED4E9C477DF}.Release|Any CPU.Build.0 = Release|Any CPU
		{35D94CBE-6D13-4BEF-BF1C-9ED4E9C477DF}.Release|iPhone.ActiveCfg = Release|Any CPU
		{35D94CBE-6D13-4BEF-BF1C-9ED4E9C477DF}.Release|iPhone.Build.0 = Release|Any CPU
		{35D94CBE-6D13-4BEF-BF1C-9ED4E9C477DF}.Release|iPhoneSimulator.ActiveCfg = Release|Any CPU
		{35D94CBE-6D13-4BEF-BF1C-9ED4E9C477DF}.Release|iPhoneSimulator.Build.0 = Release|Any CPU
		{35D94CBE-6D13-4BEF-BF1C-9ED4E9C477DF}.ReleaseTrial|Any CPU.ActiveCfg = Debug|Any CPU
		{35D94CBE-6D13-4BEF-BF1C-9ED4E9C477DF}.ReleaseTrial|Any CPU.Build.0 = Debug|Any CPU
	EndGlobalSection
	GlobalSection(SolutionProperties) = preSolution
		HideSolutionNode = FALSE
	EndGlobalSection
	GlobalSection(MonoDevelopProperties) = preSolution
		Policies = $0
		$0.TextStylePolicy = $6
		$6.FileWidth = 120
		$6.inheritsSet = null
		$6.inheritsScope = text/plain
		$6.scope = text/x-csharp
		$6.TabWidth = 2
		$6.IndentWidth = 2
		$6.EolMarker = Unix
		$0.CSharpFormattingPolicy = $7
		$7.NewLinesForBracesInTypes = False
		$7.NewLinesForBracesInMethods = False
		$7.scope = text/x-csharp
		$7.IndentSwitchCaseSection = False
		$7.NewLinesForBracesInProperties = False
		$7.NewLinesForBracesInAccessors = False
		$7.NewLinesForBracesInAnonymousMethods = False
		$7.NewLinesForBracesInControlBlocks = False
		$7.NewLinesForBracesInAnonymousTypes = False
		$7.NewLinesForBracesInObjectCollectionArrayInitializers = False
		$7.NewLinesForBracesInLambdaExpressionBody = False
		$7.NewLineForElse = False
		$7.NewLineForCatch = False
		$7.NewLineForFinally = False
		$7.NewLineForMembersInObjectInit = False
		$7.NewLineForMembersInAnonymousTypes = False
		$7.NewLineForClausesInQuery = False
		$0.DotNetNamingPolicy = $8
		$8.ResourceNamePolicy = MSBuild
		$0.TextStylePolicy = $9
		$9.TabWidth = 2
		$9.IndentWidth = 2
		$9.NoTabsAfterNonTabs = True
		$9.EolMarker = Unix
		$9.scope = text/plain
		$9.TabsToSpaces = True
	EndGlobalSection
EndGlobal
