
Microsoft Visual Studio Solution File, Format Version 11.00
# Visual Studio 2010
Project("{FAE04EC0-301F-11D3-BF4B-00C04F79EFBC}") = "Xfinium.Pdf.SamplesExplorer.Xamarin.Android", "Xfinium.Pdf.SamplesExplorer.Xamarin.Android.csproj", "{02F4EAA1-BCD2-47C5-85FB-C92ECC0D898E}"
EndProject
Global
	GlobalSection(SolutionConfigurationPlatforms) = preSolution
		Debug|Any CPU = Debug|Any CPU
		Release|Any CPU = Release|Any CPU
	EndGlobalSection
	GlobalSection(ProjectConfigurationPlatforms) = postSolution
		{02F4EAA1-BCD2-47C5-85FB-C92ECC0D898E}.Debug|Any CPU.ActiveCfg = Debug|Any CPU
		{02F4EAA1-BCD2-47C5-85FB-C92ECC0D898E}.Debug|Any CPU.Build.0 = Debug|Any CPU
		{02F4EAA1-BCD2-47C5-85FB-C92ECC0D898E}.Release|Any CPU.ActiveCfg = Release|Any CPU
		{02F4EAA1-BCD2-47C5-85FB-C92ECC0D898E}.Release|Any CPU.Build.0 = Release|Any CPU
	EndGlobalSection
	GlobalSection(XamarinDevelopProperties) = preSolution
		StartupItem = Xfinium.Pdf.SamplesExplorer.Xamarin.Android.csproj
	EndGlobalSection
EndGlobal
