
Microsoft Visual Studio Solution File, Format Version 12.00
# Visual Studio 2012
VisualStudioVersion = 12.0.30723.0
MinimumVisualStudioVersion = 10.0.40219.1
Project("{2150E333-8FDC-42A3-9474-1A3956D46DE8}") = "PDFToImage", "PDFToImage", "{54CCA57D-25E4-45C5-B13B-AF90BBB14D18}"
EndProject
Project("{FAE04EC0-301F-11D3-BF4B-00C04F79EFBC}") = "PDFToImage", "PDFToImage\PDFToImage.csproj", "{CEE94A81-A27D-486F-AC2A-DEAF54A3599D}"
EndProject
Global
	GlobalSection(SolutionConfigurationPlatforms) = preSolution
		Debug|Any CPU = Debug|Any CPU
		Debug|ARM = Debug|ARM
		Debug|x86 = Debug|x86
		Release|Any CPU = Release|Any CPU
		Release|ARM = Release|ARM
		Release|x86 = Release|x86
	EndGlobalSection
	GlobalSection(ProjectConfigurationPlatforms) = postSolution
		{CEE94A81-A27D-486F-AC2A-DEAF54A3599D}.Debug|Any CPU.ActiveCfg = Debug|Any CPU
		{CEE94A81-A27D-486F-AC2A-DEAF54A3599D}.Debug|Any CPU.Build.0 = Debug|Any CPU
		{CEE94A81-A27D-486F-AC2A-DEAF54A3599D}.Debug|ARM.ActiveCfg = Debug|Any CPU
		{CEE94A81-A27D-486F-AC2A-DEAF54A3599D}.Debug|ARM.Build.0 = Debug|Any CPU
		{CEE94A81-A27D-486F-AC2A-DEAF54A3599D}.Debug|x86.ActiveCfg = Debug|Any CPU
		{CEE94A81-A27D-486F-AC2A-DEAF54A3599D}.Debug|x86.Build.0 = Debug|Any CPU
		{CEE94A81-A27D-486F-AC2A-DEAF54A3599D}.Release|Any CPU.ActiveCfg = Release|Any CPU
		{CEE94A81-A27D-486F-AC2A-DEAF54A3599D}.Release|Any CPU.Build.0 = Release|Any CPU
		{CEE94A81-A27D-486F-AC2A-DEAF54A3599D}.Release|ARM.ActiveCfg = Release|Any CPU
		{CEE94A81-A27D-486F-AC2A-DEAF54A3599D}.Release|ARM.Build.0 = Release|Any CPU
		{CEE94A81-A27D-486F-AC2A-DEAF54A3599D}.Release|x86.ActiveCfg = Release|Any CPU
		{CEE94A81-A27D-486F-AC2A-DEAF54A3599D}.Release|x86.Build.0 = Release|Any CPU
	EndGlobalSection
	GlobalSection(NestedProjects) = preSolution
		{CEE94A81-A27D-486F-AC2A-DEAF54A3599D} = {54CCA57D-25E4-45C5-B13B-AF90BBB14D18}
	EndGlobalSection
	GlobalSection(MonoDevelopProperties) = preSolution
		StartupItem = PDFToImage\PDFToImage.csproj
	EndGlobalSection
	GlobalSection(SolutionProperties) = preSolution
		HideSolutionNode = FALSE
	EndGlobalSection
EndGlobal
